
Microsoft Visual Studio Solution File, Format Version 12.00
# Visual Studio 15
VisualStudioVersion = 15.0.27004.2002
MinimumVisualStudioVersion = 10.0.40219.1
Project("{FAE04EC0-301F-11D3-BF4B-00C04F79EFBC}") = "DMWorkshop.App", "DMWorkshop.App\DMWorkshop.App.csproj", "{A46BA5C5-0B6B-42A1-BCA6-7473525CC8DD}"
EndProject
Global
	GlobalSection(SolutionConfigurationPlatforms) = preSolution
		Debug|Any CPU = Debug|Any CPU
		Release|Any CPU = Release|Any CPU
	EndGlobalSection
	GlobalSection(ProjectConfigurationPlatforms) = postSolution
		{A46BA5C5-0B6B-42A1-BCA6-7473525CC8DD}.Debug|Any CPU.ActiveCfg = Debug|Any CPU
		{A46BA5C5-0B6B-42A1-BCA6-7473525CC8DD}.Debug|Any CPU.Build.0 = Debug|Any CPU
		{A46BA5C5-0B6B-42A1-BCA6-7473525CC8DD}.Release|Any CPU.ActiveCfg = Release|Any CPU
		{A46BA5C5-0B6B-42A1-BCA6-7473525CC8DD}.Release|Any CPU.Build.0 = Release|Any CPU
	EndGlobalSection
	GlobalSection(SolutionProperties) = preSolution
		HideSolutionNode = FALSE
	EndGlobalSection
	GlobalSection(ExtensibilityGlobals) = postSolution
		SolutionGuid = {2A49026E-46E7-4156-A25F-C9D4EE8C7187}
	EndGlobalSection
EndGlobal
